
Microsoft Visual Studio Solution File, Format Version 12.00
# Visual Studio 15
VisualStudioVersion = 15.0.27703.2035
MinimumVisualStudioVersion = 10.0.40219.1
Project("{8BC9CEB8-8B4A-11D0-8D11-00A0C91BC942}") = "test", "..\test\test.vcxproj", "{C360735B-A680-43BC-B0D9-CED0A17C5F06}"
EndProject
Project("{8BC9CEB8-8B4A-11D0-8D11-00A0C91BC942}") = "methode_exact", "..\methode_exact\methode_exact.vcxproj", "{F7961675-B4BF-404D-8A1C-CDB1A1A11028}"
EndProject
Project("{8BC9CEB8-8B4A-11D0-8D11-00A0C91BC942}") = "prd_common_lib", "..\prd_common_lib\prd_common_lib.vcxproj", "{86B6B645-7EBA-40B1-8497-0DB3F47640E0}"
EndProject
Project("{8BC9CEB8-8B4A-11D0-8D11-00A0C91BC942}") = "local_search", "..\local_search\local_search.vcxproj", "{E6C3C98F-B6A5-40A2-9199-2C1FFC82E455}"
EndProject
Global
	GlobalSection(SolutionConfigurationPlatforms) = preSolution
		Debug|x64 = Debug|x64
		Debug|x86 = Debug|x86
		Release|x64 = Release|x64
		Release|x86 = Release|x86
	EndGlobalSection
	GlobalSection(ProjectConfigurationPlatforms) = postSolution
		{C360735B-A680-43BC-B0D9-CED0A17C5F06}.Debug|x64.ActiveCfg = Debug|x64
		{C360735B-A680-43BC-B0D9-CED0A17C5F06}.Debug|x64.Build.0 = Debug|x64
		{C360735B-A680-43BC-B0D9-CED0A17C5F06}.Debug|x86.ActiveCfg = Debug|Win32
		{C360735B-A680-43BC-B0D9-CED0A17C5F06}.Debug|x86.Build.0 = Debug|Win32
		{C360735B-A680-43BC-B0D9-CED0A17C5F06}.Release|x64.ActiveCfg = Release|x64
		{C360735B-A680-43BC-B0D9-CED0A17C5F06}.Release|x64.Build.0 = Release|x64
		{C360735B-A680-43BC-B0D9-CED0A17C5F06}.Release|x86.ActiveCfg = Release|Win32
		{C360735B-A680-43BC-B0D9-CED0A17C5F06}.Release|x86.Build.0 = Release|Win32
		{F7961675-B4BF-404D-8A1C-CDB1A1A11028}.Debug|x64.ActiveCfg = Debug|x64
		{F7961675-B4BF-404D-8A1C-CDB1A1A11028}.Debug|x64.Build.0 = Debug|x64
		{F7961675-B4BF-404D-8A1C-CDB1A1A11028}.Debug|x86.ActiveCfg = Debug|Win32
		{F7961675-B4BF-404D-8A1C-CDB1A1A11028}.Debug|x86.Build.0 = Debug|Win32
		{F7961675-B4BF-404D-8A1C-CDB1A1A11028}.Release|x64.ActiveCfg = Release|x64
		{F7961675-B4BF-404D-8A1C-CDB1A1A11028}.Release|x64.Build.0 = Release|x64
		{F7961675-B4BF-404D-8A1C-CDB1A1A11028}.Release|x86.ActiveCfg = Release|Win32
		{F7961675-B4BF-404D-8A1C-CDB1A1A11028}.Release|x86.Build.0 = Release|Win32
		{86B6B645-7EBA-40B1-8497-0DB3F47640E0}.Debug|x64.ActiveCfg = Debug|x64
		{86B6B645-7EBA-40B1-8497-0DB3F47640E0}.Debug|x64.Build.0 = Debug|x64
		{86B6B645-7EBA-40B1-8497-0DB3F47640E0}.Debug|x86.ActiveCfg = Debug|Win32
		{86B6B645-7EBA-40B1-8497-0DB3F47640E0}.Debug|x86.Build.0 = Debug|Win32
		{86B6B645-7EBA-40B1-8497-0DB3F47640E0}.Release|x64.ActiveCfg = Release|x64
		{86B6B645-7EBA-40B1-8497-0DB3F47640E0}.Release|x64.Build.0 = Release|x64
		{86B6B645-7EBA-40B1-8497-0DB3F47640E0}.Release|x86.ActiveCfg = Release|Win32
		{86B6B645-7EBA-40B1-8497-0DB3F47640E0}.Release|x86.Build.0 = Release|Win32
		{E6C3C98F-B6A5-40A2-9199-2C1FFC82E455}.Debug|x64.ActiveCfg = Debug|x64
		{E6C3C98F-B6A5-40A2-9199-2C1FFC82E455}.Debug|x64.Build.0 = Debug|x64
		{E6C3C98F-B6A5-40A2-9199-2C1FFC82E455}.Debug|x86.ActiveCfg = Debug|Win32
		{E6C3C98F-B6A5-40A2-9199-2C1FFC82E455}.Debug|x86.Build.0 = Debug|Win32
		{E6C3C98F-B6A5-40A2-9199-2C1FFC82E455}.Release|x64.ActiveCfg = Release|x64
		{E6C3C98F-B6A5-40A2-9199-2C1FFC82E455}.Release|x64.Build.0 = Release|x64
		{E6C3C98F-B6A5-40A2-9199-2C1FFC82E455}.Release|x86.ActiveCfg = Release|Win32
		{E6C3C98F-B6A5-40A2-9199-2C1FFC82E455}.Release|x86.Build.0 = Release|Win32
	EndGlobalSection
	GlobalSection(SolutionProperties) = preSolution
		HideSolutionNode = FALSE
	EndGlobalSection
	GlobalSection(ExtensibilityGlobals) = postSolution
		SolutionGuid = {7B4A79CF-127B-4978-ACB0-04D1B0D05C12}
	EndGlobalSection
EndGlobal
