<?xml version="1.0" encoding="utf-8"?>
<Project ToolsVersion="4.0" xmlns="http://schemas.microsoft.com/developer/msbuild/2003">
  <ItemGroup>
    <Filter Include="Fichiers sources">
      <UniqueIdentifier>{4FC737F1-C7A5-4376-A066-2A32D752A2FF}</UniqueIdentifier>
      <Extensions>cpp;c;cc;cxx;def;odl;idl;hpj;bat;asm;asmx</Extensions>
    </Filter>
    <Filter Include="Fichiers d%27en-tête">
      <UniqueIdentifier>{93995380-89BD-4b04-88EB-625FBE52EBFB}</UniqueIdentifier>
      <Extensions>h;hh;hpp;hxx;hm;inl;inc;ipp;xsd</Extensions>
    </Filter>
    <Filter Include="Fichiers de ressources">
      <UniqueIdentifier>{67DA6AB6-F800-4c08-8B7A-83BB121AAD01}</UniqueIdentifier>
      <Extensions>rc;ico;cur;bmp;dlg;rc2;rct;bin;rgs;gif;jpg;jpeg;jpe;resx;tiff;tif;png;wav;mfcribbon-ms</Extensions>
    </Filter>
    <Filter Include="method_impl">
      <UniqueIdentifier>{85ab990a-f4d9-4106-a60b-64dbefd858d0}</UniqueIdentifier>
    </Filter>
    <Filter Include="instance">
      <UniqueIdentifier>{38d61504-4f6f-47ab-b0b2-771faa1547d1}</UniqueIdentifier>
    </Filter>
    <Filter Include="solution">
      <UniqueIdentifier>{c9f05623-a490-487b-a772-3d3b5ce0cdbd}</UniqueIdentifier>
    </Filter>
    <Filter Include="solver">
      <UniqueIdentifier>{f14f7d2d-09f5-45a7-b572-68b8af98c93a}</UniqueIdentifier>
    </Filter>
    <Filter Include="method_impl\exact">
      <UniqueIdentifier>{2173158f-8b97-4554-8835-12ec7d491022}</UniqueIdentifier>
    </Filter>
    <Filter Include="method_impl\local_search">
      <UniqueIdentifier>{a0124a50-0bc5-4ef0-9797-40a6675b4645}</UniqueIdentifier>
    </Filter>
  </ItemGroup>
  <ItemGroup>
    <ClInclude Include="solver_types.h">
      <Filter>Fichiers d%27en-tête</Filter>
    </ClInclude>
    <ClInclude Include="instance.h">
      <Filter>instance</Filter>
    </ClInclude>
    <ClInclude Include="job.h">
      <Filter>instance</Filter>
    </ClInclude>
    <ClInclude Include="batch.h">
      <Filter>instance</Filter>
    </ClInclude>
    <ClInclude Include="instance_reader.h">
      <Filter>instance</Filter>
    </ClInclude>
    <ClInclude Include="instance_reader_utils.h">
      <Filter>instance</Filter>
    </ClInclude>
    <ClInclude Include="solution.h">
      <Filter>solution</Filter>
    </ClInclude>
    <ClInclude Include="planned_job.h">
      <Filter>solution</Filter>
    </ClInclude>
    <ClInclude Include="planned_batch.h">
      <Filter>solution</Filter>
    </ClInclude>
    <ClInclude Include="solver.h">
      <Filter>solver</Filter>
    </ClInclude>
    <ClInclude Include="resolution_method.h">
      <Filter>solver</Filter>
    </ClInclude>
    <ClInclude Include="solution_validator.h">
      <Filter>solver</Filter>
    </ClInclude>
    <ClInclude Include="solution_with_statistics.h">
      <Filter>solver</Filter>
    </ClInclude>
    <ClInclude Include="exact_method.h">
      <Filter>method_impl\exact</Filter>
    </ClInclude>
    <ClInclude Include="branch_and_bound.h">
      <Filter>Fichiers d%27en-tête</Filter>
    </ClInclude>
    <ClInclude Include="linear_function.h">
      <Filter>Fichiers d%27en-tête</Filter>
    </ClInclude>
    <ClInclude Include="local_search.h">
      <Filter>method_impl\local_search</Filter>
    </ClInclude>
    <ClInclude Include="util.hpp">
      <Filter>Fichiers d%27en-tête</Filter>
    </ClInclude>
    <ClInclude Include="solution_writer.h">
      <Filter>solution</Filter>
    </ClInclude>
    <ClInclude Include="common.h">
      <Filter>method_impl</Filter>
    </ClInclude>
  </ItemGroup>
  <ItemGroup>
    <ClCompile Include="instance.cpp">
      <Filter>instance</Filter>
    </ClCompile>
    <ClCompile Include="batch.cpp">
      <Filter>instance</Filter>
    </ClCompile>
    <ClCompile Include="job.cpp">
      <Filter>instance</Filter>
    </ClCompile>
    <ClCompile Include="instance_reader.cpp">
      <Filter>instance</Filter>
    </ClCompile>
    <ClCompile Include="instance_reader_utils.cpp">
      <Filter>instance</Filter>
    </ClCompile>
    <ClCompile Include="planned_batch.cpp">
      <Filter>solution</Filter>
    </ClCompile>
    <ClCompile Include="planned_job.cpp">
      <Filter>solution</Filter>
    </ClCompile>
    <ClCompile Include="solution.cpp">
      <Filter>solution</Filter>
    </ClCompile>
    <ClCompile Include="solver.cpp">
      <Filter>solver</Filter>
    </ClCompile>
    <ClCompile Include="solution_validator.cpp">
      <Filter>solver</Filter>
    </ClCompile>
    <ClCompile Include="solution_with_statistics.cpp">
      <Filter>solver</Filter>
    </ClCompile>
    <ClCompile Include="exact_method.cpp">
      <Filter>method_impl\exact</Filter>
    </ClCompile>
    <ClCompile Include="linear_function.cpp">
      <Filter>Fichiers sources</Filter>
    </ClCompile>
    <ClCompile Include="branch_ebd_bound.cpp">
      <Filter>Fichiers sources</Filter>
    </ClCompile>
    <ClCompile Include="local_search.cpp">
      <Filter>method_impl\local_search</Filter>
    </ClCompile>
    <ClCompile Include="local_search_instance.h">
      <Filter>method_impl\local_search</Filter>
    </ClCompile>
    <ClCompile Include="local_search_instance.cpp">
      <Filter>method_impl\local_search</Filter>
    </ClCompile>
    <ClCompile Include="solution_writer.cpp">
      <Filter>solution</Filter>
    </ClCompile>
    <ClCompile Include="common.cpp">
      <Filter>method_impl</Filter>
    </ClCompile>
  </ItemGroup>
</Project>